// !$*UTF8*$!
{
	archiveVersion = 1;
	classes = {
	};
	objectVersion = 56;
	objects = {

/* Begin PBXBuildFile section */
		BF0000000000000000000021 /* AppDelegate.swift in Sources */ = {isa = PBXBuildFile; fileRef = BF0000000000000000000015 /* AppDelegate.swift */; };
		BF0000000000000000000022 /* SkitterApp.swift in Sources */ = {isa = PBXBuildFile; fileRef = BF0000000000000000000016 /* SkitterApp.swift */; };
		BF0000000000000000000023 /* Models.swift in Sources */ = {isa = PBXBuildFile; fileRef = BF0000000000000000000017 /* Models.swift */; };
		BF0000000000000000000024 /* SettingsStore.swift in Sources */ = {isa = PBXBuildFile; fileRef = BF0000000000000000000018 /* SettingsStore.swift */; };
		BF0000000000000000000025 /* APIClient.swift in Sources */ = {isa = PBXBuildFile; fileRef = BF0000000000000000000019 /* APIClient.swift */; };
		BF0000000000000000000026 /* NotificationManager.swift in Sources */ = {isa = PBXBuildFile; fileRef = BF000000000000000000001A /* NotificationManager.swift */; };
		BF0000000000000000000027 /* AppModel.swift in Sources */ = {isa = PBXBuildFile; fileRef = BF000000000000000000001B /* AppModel.swift */; };
		BF0000000000000000000028 /* RootView.swift in Sources */ = {isa = PBXBuildFile; fileRef = BF000000000000000000001C /* RootView.swift */; };
		BF0000000000000000000029 /* OnboardingFlowView.swift in Sources */ = {isa = PBXBuildFile; fileRef = BF000000000000000000001D /* OnboardingFlowView.swift */; };
		BF000000000000000000002A /* MainShellView.swift in Sources */ = {isa = PBXBuildFile; fileRef = BF000000000000000000001E /* MainShellView.swift */; };
		BF000000000000000000002B /* SpeechCaptureController.swift in Sources */ = {isa = PBXBuildFile; fileRef = BF000000000000000000001F /* SpeechCaptureController.swift */; };
		BF000000000000000000002C /* VoicePlaybackController.swift in Sources */ = {isa = PBXBuildFile; fileRef = BF0000000000000000000020 /* VoicePlaybackController.swift */; };
		BF000000000000000000002D /* SkitterCoreTests.swift in Sources */ = {isa = PBXBuildFile; fileRef = BF0000000000000000000030 /* SkitterCoreTests.swift */; };
/* End PBXBuildFile section */

/* Begin PBXContainerItemProxy section */
		BF0000000000000000000034 /* PBXContainerItemProxy */ = {
			isa = PBXContainerItemProxy;
			containerPortal = BF0000000000000000000001 /* Project object */;
			proxyType = 1;
			remoteGlobalIDString = BF0000000000000000000007;
			remoteInfo = Skitter;
		};
/* End PBXContainerItemProxy section */

/* Begin PBXFileReference section */
		BF0000000000000000000008 /* Skitter.app */ = {isa = PBXFileReference; explicitFileType = wrapper.application; includeInIndex = 0; path = Skitter.app; sourceTree = BUILT_PRODUCTS_DIR; };
		BF0000000000000000000013 /* Assets.xcassets */ = {isa = PBXFileReference; lastKnownFileType = folder.assetcatalog; path = Assets.xcassets; sourceTree = "<group>"; };
		BF0000000000000000000014 /* Skitter.entitlements */ = {isa = PBXFileReference; lastKnownFileType = text.plist.entitlements; path = Skitter.entitlements; sourceTree = "<group>"; };
		BF0000000000000000000015 /* AppDelegate.swift */ = {isa = PBXFileReference; lastKnownFileType = sourcecode.swift; path = AppDelegate.swift; sourceTree = "<group>"; };
		BF0000000000000000000016 /* SkitterApp.swift */ = {isa = PBXFileReference; lastKnownFileType = sourcecode.swift; path = SkitterApp.swift; sourceTree = "<group>"; };
		BF0000000000000000000017 /* Models.swift */ = {isa = PBXFileReference; lastKnownFileType = sourcecode.swift; path = Models.swift; sourceTree = "<group>"; };
		BF0000000000000000000018 /* SettingsStore.swift */ = {isa = PBXFileReference; lastKnownFileType = sourcecode.swift; path = SettingsStore.swift; sourceTree = "<group>"; };
		BF0000000000000000000019 /* APIClient.swift */ = {isa = PBXFileReference; lastKnownFileType = sourcecode.swift; path = APIClient.swift; sourceTree = "<group>"; };
		BF000000000000000000001A /* NotificationManager.swift */ = {isa = PBXFileReference; lastKnownFileType = sourcecode.swift; path = NotificationManager.swift; sourceTree = "<group>"; };
		BF000000000000000000001B /* AppModel.swift */ = {isa = PBXFileReference; lastKnownFileType = sourcecode.swift; path = AppModel.swift; sourceTree = "<group>"; };
		BF000000000000000000001C /* RootView.swift */ = {isa = PBXFileReference; lastKnownFileType = sourcecode.swift; path = RootView.swift; sourceTree = "<group>"; };
		BF000000000000000000001D /* OnboardingFlowView.swift */ = {isa = PBXFileReference; lastKnownFileType = sourcecode.swift; path = OnboardingFlowView.swift; sourceTree = "<group>"; };
		BF000000000000000000001E /* MainShellView.swift */ = {isa = PBXFileReference; lastKnownFileType = sourcecode.swift; path = MainShellView.swift; sourceTree = "<group>"; };
		BF000000000000000000001F /* SpeechCaptureController.swift */ = {isa = PBXFileReference; lastKnownFileType = sourcecode.swift; path = SpeechCaptureController.swift; sourceTree = "<group>"; };
		BF0000000000000000000020 /* VoicePlaybackController.swift */ = {isa = PBXFileReference; lastKnownFileType = sourcecode.swift; path = VoicePlaybackController.swift; sourceTree = "<group>"; };
		BF000000000000000000002F /* SkitterTests.xctest */ = {isa = PBXFileReference; explicitFileType = wrapper.cfbundle; includeInIndex = 0; path = SkitterTests.xctest; sourceTree = BUILT_PRODUCTS_DIR; };
		BF0000000000000000000030 /* SkitterCoreTests.swift */ = {isa = PBXFileReference; lastKnownFileType = sourcecode.swift; path = SkitterCoreTests.swift; sourceTree = "<group>"; };
/* End PBXFileReference section */

/* Begin PBXFrameworksBuildPhase section */
		BF0000000000000000000005 /* Frameworks */ = {
			isa = PBXFrameworksBuildPhase;
			buildActionMask = 2147483647;
			files = (
			);
			runOnlyForDeploymentPostprocessing = 0;
		};
		BF0000000000000000000032 /* Frameworks */ = {
			isa = PBXFrameworksBuildPhase;
			buildActionMask = 2147483647;
			files = (
			);
			runOnlyForDeploymentPostprocessing = 0;
		};
/* End PBXFrameworksBuildPhase section */

/* Begin PBXGroup section */
		BF0000000000000000000002 = {
			isa = PBXGroup;
			children = (
				BF000000000000000000000F /* Skitter */,
				BF0000000000000000000031 /* SkitterTests */,
				BF0000000000000000000003 /* Products */,
			);
			sourceTree = "<group>";
		};
		BF0000000000000000000003 /* Products */ = {
			isa = PBXGroup;
			children = (
				BF0000000000000000000008 /* Skitter.app */,
				BF000000000000000000002F /* SkitterTests.xctest */,
			);
			name = Products;
			sourceTree = "<group>";
		};
		BF000000000000000000000F /* Skitter */ = {
			isa = PBXGroup;
			children = (
				BF0000000000000000000016 /* SkitterApp.swift */,
				BF0000000000000000000015 /* AppDelegate.swift */,
				BF0000000000000000000010 /* Core */,
				BF0000000000000000000011 /* Views */,
				BF0000000000000000000013 /* Assets.xcassets */,
				BF0000000000000000000014 /* Skitter.entitlements */,
			);
			path = Skitter;
			sourceTree = "<group>";
		};
		BF0000000000000000000010 /* Core */ = {
			isa = PBXGroup;
			children = (
				BF0000000000000000000017 /* Models.swift */,
				BF0000000000000000000018 /* SettingsStore.swift */,
				BF0000000000000000000019 /* APIClient.swift */,
				BF000000000000000000001A /* NotificationManager.swift */,
				BF000000000000000000001B /* AppModel.swift */,
				BF000000000000000000001F /* SpeechCaptureController.swift */,
				BF0000000000000000000020 /* VoicePlaybackController.swift */,
			);
			path = Core;
			sourceTree = "<group>";
		};
		BF0000000000000000000011 /* Views */ = {
			isa = PBXGroup;
			children = (
				BF000000000000000000001C /* RootView.swift */,
				BF0000000000000000000012 /* Onboarding */,
				BF000000000000000000001E /* MainShellView.swift */,
			);
			path = Views;
			sourceTree = "<group>";
		};
		BF0000000000000000000012 /* Onboarding */ = {
			isa = PBXGroup;
			children = (
				BF000000000000000000001D /* OnboardingFlowView.swift */,
			);
			path = Onboarding;
			sourceTree = "<group>";
		};
		BF0000000000000000000031 /* SkitterTests */ = {
			isa = PBXGroup;
			children = (
				BF0000000000000000000030 /* SkitterCoreTests.swift */,
			);
			path = SkitterTests;
			sourceTree = "<group>";
		};
/* End PBXGroup section */

/* Begin PBXNativeTarget section */
		BF0000000000000000000007 /* Skitter */ = {
			isa = PBXNativeTarget;
			buildConfigurationList = BF000000000000000000000A /* Build configuration list for PBXNativeTarget "Skitter" */;
			buildPhases = (
				BF0000000000000000000005 /* Frameworks */,
				BF0000000000000000000004 /* Sources */,
				BF0000000000000000000006 /* Resources */,
			);
			buildRules = (
			);
			dependencies = (
			);
			name = Skitter;
			productName = Skitter;
			productReference = BF0000000000000000000008 /* Skitter.app */;
			productType = "com.apple.product-type.application";
		};
		BF0000000000000000000036 /* SkitterTests */ = {
			isa = PBXNativeTarget;
			buildConfigurationList = BF0000000000000000000039 /* Build configuration list for PBXNativeTarget "SkitterTests" */;
			buildPhases = (
				BF0000000000000000000032 /* Frameworks */,
				BF0000000000000000000033 /* Sources */,
			);
			buildRules = (
			);
			dependencies = (
				BF0000000000000000000035 /* PBXTargetDependency */,
			);
			name = SkitterTests;
			productName = SkitterTests;
			productReference = BF000000000000000000002F /* SkitterTests.xctest */;
			productType = "com.apple.product-type.bundle.unit-test";
		};
/* End PBXNativeTarget section */

/* Begin PBXProject section */
		BF0000000000000000000001 /* Project object */ = {
			isa = PBXProject;
			attributes = {
				LastSwiftUpdateCheck = 1600;
				LastUpgradeCheck = 1600;
				TargetAttributes = {
					BF0000000000000000000007 = {
						CreatedOnToolsVersion = 16.0;
					};
					BF0000000000000000000036 = {
						CreatedOnToolsVersion = 16.0;
						TestTargetID = BF0000000000000000000007;
					};
				};
			};
			buildConfigurationList = BF0000000000000000000009 /* Build configuration list for PBXProject "Skitter" */;
			compatibilityVersion = "Xcode 14.0";
			developmentRegion = en;
			hasScannedForEncodings = 0;
			knownRegions = (
				en,
				Base,
			);
			mainGroup = BF0000000000000000000002;
			productRefGroup = BF0000000000000000000003 /* Products */;
			projectDirPath = "";
			projectRoot = "";
			targets = (
				BF0000000000000000000007 /* Skitter */,
				BF0000000000000000000036 /* SkitterTests */,
			);
		};
/* End PBXProject section */

/* Begin PBXResourcesBuildPhase section */
		BF0000000000000000000006 /* Resources */ = {
			isa = PBXResourcesBuildPhase;
			buildActionMask = 2147483647;
			files = (
			);
			runOnlyForDeploymentPostprocessing = 0;
		};
/* End PBXResourcesBuildPhase section */

/* Begin PBXSourcesBuildPhase section */
		BF0000000000000000000004 /* Sources */ = {
			isa = PBXSourcesBuildPhase;
			buildActionMask = 2147483647;
			files = (
				BF0000000000000000000021 /* AppDelegate.swift in Sources */,
				BF0000000000000000000022 /* SkitterApp.swift in Sources */,
				BF0000000000000000000023 /* Models.swift in Sources */,
				BF0000000000000000000024 /* SettingsStore.swift in Sources */,
				BF0000000000000000000025 /* APIClient.swift in Sources */,
				BF0000000000000000000026 /* NotificationManager.swift in Sources */,
				BF0000000000000000000027 /* AppModel.swift in Sources */,
				BF0000000000000000000028 /* RootView.swift in Sources */,
				BF0000000000000000000029 /* OnboardingFlowView.swift in Sources */,
				BF000000000000000000002A /* MainShellView.swift in Sources */,
				BF000000000000000000002B /* SpeechCaptureController.swift in Sources */,
				BF000000000000000000002C /* VoicePlaybackController.swift in Sources */,
			);
			runOnlyForDeploymentPostprocessing = 0;
		};
		BF0000000000000000000033 /* Sources */ = {
			isa = PBXSourcesBuildPhase;
			buildActionMask = 2147483647;
			files = (
				BF000000000000000000002D /* SkitterCoreTests.swift in Sources */,
			);
			runOnlyForDeploymentPostprocessing = 0;
		};
/* End PBXSourcesBuildPhase section */

/* Begin PBXTargetDependency section */
		BF0000000000000000000035 /* PBXTargetDependency */ = {
			isa = PBXTargetDependency;
			target = BF0000000000000000000007 /* Skitter */;
			targetProxy = BF0000000000000000000034 /* PBXContainerItemProxy */;
		};
/* End PBXTargetDependency section */

/* Begin XCBuildConfiguration section */
		BF000000000000000000000B /* Debug */ = {
			isa = XCBuildConfiguration;
			buildSettings = {
				ALWAYS_SEARCH_USER_PATHS = NO;
				CLANG_ENABLE_MODULES = YES;
				CLANG_ENABLE_OBJC_ARC = YES;
				COPY_PHASE_STRIP = NO;
				DEBUG_INFORMATION_FORMAT = dwarf;
				ENABLE_TESTABILITY = YES;
				GCC_C_LANGUAGE_STANDARD = gnu17;
				GCC_DYNAMIC_NO_PIC = NO;
				GCC_OPTIMIZATION_LEVEL = 0;
				GCC_PREPROCESSOR_DEFINITIONS = (
					"DEBUG=1",
					"$(inherited)",
				);
				MTL_ENABLE_DEBUG_INFO = INCLUDE_SOURCE;
				ONLY_ACTIVE_ARCH = YES;
				SDKROOT = iphoneos;
				SWIFT_ACTIVE_COMPILATION_CONDITIONS = DEBUG;
			};
			name = Debug;
		};
		BF000000000000000000000C /* Release */ = {
			isa = XCBuildConfiguration;
			buildSettings = {
				ALWAYS_SEARCH_USER_PATHS = NO;
				CLANG_ENABLE_MODULES = YES;
				CLANG_ENABLE_OBJC_ARC = YES;
				COPY_PHASE_STRIP = NO;
				DEBUG_INFORMATION_FORMAT = "dwarf-with-dsym";
				GCC_C_LANGUAGE_STANDARD = gnu17;
				MTL_ENABLE_DEBUG_INFO = NO;
				SDKROOT = iphoneos;
				SWIFT_COMPILATION_MODE = wholemodule;
			};
			name = Release;
		};
		BF000000000000000000000D /* Debug */ = {
			isa = XCBuildConfiguration;
			buildSettings = {
				CODE_SIGN_ENTITLEMENTS = Skitter/Skitter.entitlements;
				CODE_SIGN_STYLE = Automatic;
				CURRENT_PROJECT_VERSION = 1;
				DEVELOPMENT_TEAM = 6WA22YL88V;
				ENABLE_PREVIEWS = YES;
				GENERATE_INFOPLIST_FILE = YES;
				INFOPLIST_KEY_CFBundleDisplayName = Skitter;
				INFOPLIST_KEY_NSMicrophoneUsageDescription = "Skitter uses the microphone for voice interactions.";
				INFOPLIST_KEY_NSSpeechRecognitionUsageDescription = "Skitter uses speech recognition to turn your voice into messages.";
				INFOPLIST_KEY_UIApplicationSceneManifest_Generation = YES;
				INFOPLIST_KEY_UIApplicationSupportsIndirectInputEvents = YES;
				INFOPLIST_KEY_UILaunchScreen_Generation = YES;
				INFOPLIST_KEY_UISupportedInterfaceOrientations = UIInterfaceOrientationPortrait;
				INFOPLIST_KEY_UISupportedInterfaceOrientations_iPad = "UIInterfaceOrientationPortrait UIInterfaceOrientationPortraitUpsideDown UIInterfaceOrientationLandscapeLeft UIInterfaceOrientationLandscapeRight";
				IPHONEOS_DEPLOYMENT_TARGET = 17.0;
				LD_RUNPATH_SEARCH_PATHS = (
					"$(inherited)",
					"@executable_path/Frameworks",
				);
				MARKETING_VERSION = 0.1;
				PRODUCT_BUNDLE_IDENTIFIER = io.skitter.ios;
				PRODUCT_NAME = Skitter;
				SDKROOT = iphoneos;
				SUPPORTED_PLATFORMS = "iphoneos iphonesimulator";
				SWIFT_EMIT_LOC_STRINGS = YES;
				SWIFT_VERSION = 5.0;
				TARGETED_DEVICE_FAMILY = "1,2";
			};
			name = Debug;
		};
		BF000000000000000000000E /* Release */ = {
			isa = XCBuildConfiguration;
			buildSettings = {
				CODE_SIGN_ENTITLEMENTS = Skitter/Skitter.entitlements;
				CODE_SIGN_STYLE = Automatic;
				CURRENT_PROJECT_VERSION = 1;
				DEVELOPMENT_TEAM = 6WA22YL88V;
				ENABLE_PREVIEWS = YES;
				GENERATE_INFOPLIST_FILE = YES;
				INFOPLIST_KEY_CFBundleDisplayName = Skitter;
				INFOPLIST_KEY_NSMicrophoneUsageDescription = "Skitter uses the microphone for voice interactions.";
				INFOPLIST_KEY_NSSpeechRecognitionUsageDescription = "Skitter uses speech recognition to turn your voice into messages.";
				INFOPLIST_KEY_UIApplicationSceneManifest_Generation = YES;
				INFOPLIST_KEY_UIApplicationSupportsIndirectInputEvents = YES;
				INFOPLIST_KEY_UILaunchScreen_Generation = YES;
				INFOPLIST_KEY_UISupportedInterfaceOrientations = UIInterfaceOrientationPortrait;
				INFOPLIST_KEY_UISupportedInterfaceOrientations_iPad = "UIInterfaceOrientationPortrait UIInterfaceOrientationPortraitUpsideDown UIInterfaceOrientationLandscapeLeft UIInterfaceOrientationLandscapeRight";
				IPHONEOS_DEPLOYMENT_TARGET = 17.0;
				LD_RUNPATH_SEARCH_PATHS = (
					"$(inherited)",
					"@executable_path/Frameworks",
				);
				MARKETING_VERSION = 0.1;
				PRODUCT_BUNDLE_IDENTIFIER = io.skitter.ios;
				PRODUCT_NAME = Skitter;
				SDKROOT = iphoneos;
				SUPPORTED_PLATFORMS = "iphoneos iphonesimulator";
				SWIFT_EMIT_LOC_STRINGS = YES;
				SWIFT_VERSION = 5.0;
				TARGETED_DEVICE_FAMILY = "1,2";
			};
			name = Release;
		};
		BF0000000000000000000037 /* Debug */ = {
			isa = XCBuildConfiguration;
			buildSettings = {
				BUNDLE_LOADER = "$(TEST_HOST)";
				CODE_SIGN_STYLE = Automatic;
				CURRENT_PROJECT_VERSION = 1;
				GENERATE_INFOPLIST_FILE = YES;
				IPHONEOS_DEPLOYMENT_TARGET = 17.0;
				LD_RUNPATH_SEARCH_PATHS = (
					"$(inherited)",
					"@executable_path/Frameworks",
					"@loader_path/Frameworks",
				);
				MARKETING_VERSION = 0.1;
				PRODUCT_BUNDLE_IDENTIFIER = io.skitter.iosTests;
				PRODUCT_NAME = "$(TARGET_NAME)";
				SDKROOT = iphoneos;
				SUPPORTED_PLATFORMS = "iphoneos iphonesimulator";
				SWIFT_VERSION = 5.0;
				TARGETED_DEVICE_FAMILY = "1,2";
				TEST_HOST = "$(BUILT_PRODUCTS_DIR)/Skitter.app/$(BUNDLE_EXECUTABLE_FOLDER_PATH)/Skitter";
				TEST_TARGET_NAME = Skitter;
			};
			name = Debug;
		};
		BF0000000000000000000038 /* Release */ = {
			isa = XCBuildConfiguration;
			buildSettings = {
				BUNDLE_LOADER = "$(TEST_HOST)";
				CODE_SIGN_STYLE = Automatic;
				CURRENT_PROJECT_VERSION = 1;
				GENERATE_INFOPLIST_FILE = YES;
				IPHONEOS_DEPLOYMENT_TARGET = 17.0;
				LD_RUNPATH_SEARCH_PATHS = (
					"$(inherited)",
					"@executable_path/Frameworks",
					"@loader_path/Frameworks",
				);
				MARKETING_VERSION = 0.1;
				PRODUCT_BUNDLE_IDENTIFIER = io.skitter.iosTests;
				PRODUCT_NAME = "$(TARGET_NAME)";
				SDKROOT = iphoneos;
				SUPPORTED_PLATFORMS = "iphoneos iphonesimulator";
				SWIFT_COMPILATION_MODE = wholemodule;
				SWIFT_VERSION = 5.0;
				TARGETED_DEVICE_FAMILY = "1,2";
				TEST_HOST = "$(BUILT_PRODUCTS_DIR)/Skitter.app/$(BUNDLE_EXECUTABLE_FOLDER_PATH)/Skitter";
				TEST_TARGET_NAME = Skitter;
			};
			name = Release;
		};
/* End XCBuildConfiguration section */

/* Begin XCConfigurationList section */
		BF0000000000000000000009 /* Build configuration list for PBXProject "Skitter" */ = {
			isa = XCConfigurationList;
			buildConfigurations = (
				BF000000000000000000000B /* Debug */,
				BF000000000000000000000C /* Release */,
			);
			defaultConfigurationIsVisible = 0;
			defaultConfigurationName = Release;
		};
		BF000000000000000000000A /* Build configuration list for PBXNativeTarget "Skitter" */ = {
			isa = XCConfigurationList;
			buildConfigurations = (
				BF000000000000000000000D /* Debug */,
				BF000000000000000000000E /* Release */,
			);
			defaultConfigurationIsVisible = 0;
			defaultConfigurationName = Release;
		};
		BF0000000000000000000039 /* Build configuration list for PBXNativeTarget "SkitterTests" */ = {
			isa = XCConfigurationList;
			buildConfigurations = (
				BF0000000000000000000037 /* Debug */,
				BF0000000000000000000038 /* Release */,
			);
			defaultConfigurationIsVisible = 0;
			defaultConfigurationName = Release;
		};
/* End XCConfigurationList section */
	};
	rootObject = BF0000000000000000000001 /* Project object */;
}
